
Microsoft Visual Studio Solution File, Format Version 12.00
# Visual Studio Version 17
VisualStudioVersion = 17.3.32929.385
MinimumVisualStudioVersion = 10.0.40219.1
Project("{FAE04EC0-301F-11D3-BF4B-00C04F79EFBC}") = "API", "API.csproj", "{8B1B566B-FF96-4ED5-9016-2B1428A67642}"
EndProject
Global
	GlobalSection(SolutionConfigurationPlatforms) = preSolution
		Debug|Any CPU = Debug|Any CPU
		Release|Any CPU = Release|Any CPU
	EndGlobalSection
	GlobalSection(ProjectConfigurationPlatforms) = postSolution
		{8B1B566B-FF96-4ED5-9016-2B1428A67642}.Debug|Any CPU.ActiveCfg = Debug|Any CPU
		{8B1B566B-FF96-4ED5-9016-2B1428A67642}.Debug|Any CPU.Build.0 = Debug|Any CPU
		{8B1B566B-FF96-4ED5-9016-2B1428A67642}.Release|Any CPU.ActiveCfg = Release|Any CPU
		{8B1B566B-FF96-4ED5-9016-2B1428A67642}.Release|Any CPU.Build.0 = Release|Any CPU
	EndGlobalSection
	GlobalSection(SolutionProperties) = preSolution
		HideSolutionNode = FALSE
	EndGlobalSection
	GlobalSection(ExtensibilityGlobals) = postSolution
		SolutionGuid = {16736212-2CE1-4472-B035-C00241512F69}
	EndGlobalSection
EndGlobal
